
Microsoft Visual Studio Solution File, Format Version 12.00
# Visual Studio Version 16
VisualStudioVersion = 16.0.809.0
MinimumVisualStudioVersion = 10.0.40219.1
Project("{FAE04EC0-301F-11D3-BF4B-00C04F79EFBC}") = "Notify.Android", "Notify.Android\Notify.Android.csproj", "{89438E8E-9968-4ABF-B978-51903C2406CC}"
EndProject
Project("{FAE04EC0-301F-11D3-BF4B-00C04F79EFBC}") = "Notify.iOS", "Notify.iOS\Notify.iOS.csproj", "{7F32B82B-4940-422B-B982-9EF80D4DA9C0}"
EndProject
Project("{FAE04EC0-301F-11D3-BF4B-00C04F79EFBC}") = "Notify", "Notify\Notify.csproj", "{45656598-B10A-45C8-8367-8C8B766FD2AA}"
EndProject
Global
	GlobalSection(SolutionConfigurationPlatforms) = preSolution
		Debug|Any CPU = Debug|Any CPU
		Release|Any CPU = Release|Any CPU
		Debug|iPhoneSimulator = Debug|iPhoneSimulator
		Release|iPhoneSimulator = Release|iPhoneSimulator
		Debug|iPhone = Debug|iPhone
		Release|iPhone = Release|iPhone
	EndGlobalSection
	GlobalSection(ProjectConfigurationPlatforms) = postSolution
		{89438E8E-9968-4ABF-B978-51903C2406CC}.Debug|Any CPU.ActiveCfg = Debug|Any CPU
		{89438E8E-9968-4ABF-B978-51903C2406CC}.Debug|Any CPU.Build.0 = Debug|Any CPU
		{89438E8E-9968-4ABF-B978-51903C2406CC}.Release|Any CPU.ActiveCfg = Release|Any CPU
		{89438E8E-9968-4ABF-B978-51903C2406CC}.Release|Any CPU.Build.0 = Release|Any CPU
		{89438E8E-9968-4ABF-B978-51903C2406CC}.Debug|iPhoneSimulator.ActiveCfg = Debug|Any CPU
		{89438E8E-9968-4ABF-B978-51903C2406CC}.Debug|iPhoneSimulator.Build.0 = Debug|Any CPU
		{89438E8E-9968-4ABF-B978-51903C2406CC}.Release|iPhoneSimulator.ActiveCfg = Release|Any CPU
		{89438E8E-9968-4ABF-B978-51903C2406CC}.Release|iPhoneSimulator.Build.0 = Release|Any CPU
		{89438E8E-9968-4ABF-B978-51903C2406CC}.Debug|iPhone.ActiveCfg = Debug|Any CPU
		{89438E8E-9968-4ABF-B978-51903C2406CC}.Debug|iPhone.Build.0 = Debug|Any CPU
		{89438E8E-9968-4ABF-B978-51903C2406CC}.Release|iPhone.ActiveCfg = Release|Any CPU
		{89438E8E-9968-4ABF-B978-51903C2406CC}.Release|iPhone.Build.0 = Release|Any CPU
		{7F32B82B-4940-422B-B982-9EF80D4DA9C0}.Debug|Any CPU.ActiveCfg = Debug|iPhoneSimulator
		{7F32B82B-4940-422B-B982-9EF80D4DA9C0}.Debug|Any CPU.Build.0 = Debug|iPhoneSimulator
		{7F32B82B-4940-422B-B982-9EF80D4DA9C0}.Release|Any CPU.ActiveCfg = Release|iPhoneSimulator
		{7F32B82B-4940-422B-B982-9EF80D4DA9C0}.Release|Any CPU.Build.0 = Release|iPhoneSimulator
		{7F32B82B-4940-422B-B982-9EF80D4DA9C0}.Debug|iPhoneSimulator.ActiveCfg = Debug|iPhoneSimulator
		{7F32B82B-4940-422B-B982-9EF80D4DA9C0}.Debug|iPhoneSimulator.Build.0 = Debug|iPhoneSimulator
		{7F32B82B-4940-422B-B982-9EF80D4DA9C0}.Release|iPhoneSimulator.ActiveCfg = Release|iPhoneSimulator
		{7F32B82B-4940-422B-B982-9EF80D4DA9C0}.Release|iPhoneSimulator.Build.0 = Release|iPhoneSimulator
		{7F32B82B-4940-422B-B982-9EF80D4DA9C0}.Debug|iPhone.ActiveCfg = Debug|iPhone
		{7F32B82B-4940-422B-B982-9EF80D4DA9C0}.Debug|iPhone.Build.0 = Debug|iPhone
		{7F32B82B-4940-422B-B982-9EF80D4DA9C0}.Release|iPhone.ActiveCfg = Release|iPhone
		{7F32B82B-4940-422B-B982-9EF80D4DA9C0}.Release|iPhone.Build.0 = Release|iPhone
		{45656598-B10A-45C8-8367-8C8B766FD2AA}.Debug|Any CPU.ActiveCfg = Debug|Any CPU
		{45656598-B10A-45C8-8367-8C8B766FD2AA}.Debug|Any CPU.Build.0 = Debug|Any CPU
		{45656598-B10A-45C8-8367-8C8B766FD2AA}.Release|Any CPU.ActiveCfg = Release|Any CPU
		{45656598-B10A-45C8-8367-8C8B766FD2AA}.Release|Any CPU.Build.0 = Release|Any CPU
		{45656598-B10A-45C8-8367-8C8B766FD2AA}.Debug|iPhoneSimulator.ActiveCfg = Debug|Any CPU
		{45656598-B10A-45C8-8367-8C8B766FD2AA}.Debug|iPhoneSimulator.Build.0 = Debug|Any CPU
		{45656598-B10A-45C8-8367-8C8B766FD2AA}.Release|iPhoneSimulator.ActiveCfg = Release|Any CPU
		{45656598-B10A-45C8-8367-8C8B766FD2AA}.Release|iPhoneSimulator.Build.0 = Release|Any CPU
		{45656598-B10A-45C8-8367-8C8B766FD2AA}.Debug|iPhone.ActiveCfg = Debug|Any CPU
		{45656598-B10A-45C8-8367-8C8B766FD2AA}.Debug|iPhone.Build.0 = Debug|Any CPU
		{45656598-B10A-45C8-8367-8C8B766FD2AA}.Release|iPhone.ActiveCfg = Release|Any CPU
		{45656598-B10A-45C8-8367-8C8B766FD2AA}.Release|iPhone.Build.0 = Release|Any CPU
	EndGlobalSection
	GlobalSection(SolutionProperties) = preSolution
		HideSolutionNode = FALSE
	EndGlobalSection
	GlobalSection(ExtensibilityGlobals) = postSolution
		SolutionGuid = {54B6D15E-CC0A-4C02-A3E7-8819B2D7E956}
	EndGlobalSection
EndGlobal
